
Microsoft Visual Studio Solution File, Format Version 12.00
# Visual Studio Version 17
VisualStudioVersion = 17.6.33717.318
MinimumVisualStudioVersion = 10.0.40219.1
Project("{FAE04EC0-301F-11D3-BF4B-00C04F79EFBC}") = "MemoApp.Android", "MemoApp\MemoApp.Android\MemoApp.Android.csproj", "{FC8051AF-10FA-4C8A-B5DF-827E2194F467}"
EndProject
Project("{FAE04EC0-301F-11D3-BF4B-00C04F79EFBC}") = "MemoApp.iOS", "MemoApp\MemoApp.iOS\MemoApp.iOS.csproj", "{DE4BCE5F-4D87-477F-BDD8-A3E605C06241}"
EndProject
Project("{FAE04EC0-301F-11D3-BF4B-00C04F79EFBC}") = "MemoApp", "MemoApp\MemoApp\MemoApp.csproj", "{EC9EF272-B4B9-4166-90BA-5E22345BF2F9}"
EndProject
Global
	GlobalSection(SolutionConfigurationPlatforms) = preSolution
		Debug|Any CPU = Debug|Any CPU
		Debug|iPhone = Debug|iPhone
		Debug|iPhoneSimulator = Debug|iPhoneSimulator
		Release|Any CPU = Release|Any CPU
		Release|iPhone = Release|iPhone
		Release|iPhoneSimulator = Release|iPhoneSimulator
	EndGlobalSection
	GlobalSection(ProjectConfigurationPlatforms) = postSolution
		{FC8051AF-10FA-4C8A-B5DF-827E2194F467}.Debug|Any CPU.ActiveCfg = Debug|Any CPU
		{FC8051AF-10FA-4C8A-B5DF-827E2194F467}.Debug|Any CPU.Build.0 = Debug|Any CPU
		{FC8051AF-10FA-4C8A-B5DF-827E2194F467}.Debug|Any CPU.Deploy.0 = Debug|Any CPU
		{FC8051AF-10FA-4C8A-B5DF-827E2194F467}.Debug|iPhone.ActiveCfg = Debug|Any CPU
		{FC8051AF-10FA-4C8A-B5DF-827E2194F467}.Debug|iPhone.Build.0 = Debug|Any CPU
		{FC8051AF-10FA-4C8A-B5DF-827E2194F467}.Debug|iPhone.Deploy.0 = Debug|Any CPU
		{FC8051AF-10FA-4C8A-B5DF-827E2194F467}.Debug|iPhoneSimulator.ActiveCfg = Debug|Any CPU
		{FC8051AF-10FA-4C8A-B5DF-827E2194F467}.Debug|iPhoneSimulator.Build.0 = Debug|Any CPU
		{FC8051AF-10FA-4C8A-B5DF-827E2194F467}.Debug|iPhoneSimulator.Deploy.0 = Debug|Any CPU
		{FC8051AF-10FA-4C8A-B5DF-827E2194F467}.Release|Any CPU.ActiveCfg = Release|Any CPU
		{FC8051AF-10FA-4C8A-B5DF-827E2194F467}.Release|Any CPU.Build.0 = Release|Any CPU
		{FC8051AF-10FA-4C8A-B5DF-827E2194F467}.Release|Any CPU.Deploy.0 = Release|Any CPU
		{FC8051AF-10FA-4C8A-B5DF-827E2194F467}.Release|iPhone.ActiveCfg = Release|Any CPU
		{FC8051AF-10FA-4C8A-B5DF-827E2194F467}.Release|iPhone.Build.0 = Release|Any CPU
		{FC8051AF-10FA-4C8A-B5DF-827E2194F467}.Release|iPhone.Deploy.0 = Release|Any CPU
		{FC8051AF-10FA-4C8A-B5DF-827E2194F467}.Release|iPhoneSimulator.ActiveCfg = Release|Any CPU
		{FC8051AF-10FA-4C8A-B5DF-827E2194F467}.Release|iPhoneSimulator.Build.0 = Release|Any CPU
		{FC8051AF-10FA-4C8A-B5DF-827E2194F467}.Release|iPhoneSimulator.Deploy.0 = Release|Any CPU
		{DE4BCE5F-4D87-477F-BDD8-A3E605C06241}.Debug|Any CPU.ActiveCfg = Debug|iPhone
		{DE4BCE5F-4D87-477F-BDD8-A3E605C06241}.Debug|Any CPU.Build.0 = Debug|iPhone
		{DE4BCE5F-4D87-477F-BDD8-A3E605C06241}.Debug|Any CPU.Deploy.0 = Debug|iPhone
		{DE4BCE5F-4D87-477F-BDD8-A3E605C06241}.Debug|iPhone.ActiveCfg = Debug|iPhone
		{DE4BCE5F-4D87-477F-BDD8-A3E605C06241}.Debug|iPhone.Build.0 = Debug|iPhone
		{DE4BCE5F-4D87-477F-BDD8-A3E605C06241}.Debug|iPhone.Deploy.0 = Debug|iPhone
		{DE4BCE5F-4D87-477F-BDD8-A3E605C06241}.Debug|iPhoneSimulator.ActiveCfg = Debug|iPhoneSimulator
		{DE4BCE5F-4D87-477F-BDD8-A3E605C06241}.Debug|iPhoneSimulator.Build.0 = Debug|iPhoneSimulator
		{DE4BCE5F-4D87-477F-BDD8-A3E605C06241}.Debug|iPhoneSimulator.Deploy.0 = Debug|iPhoneSimulator
		{DE4BCE5F-4D87-477F-BDD8-A3E605C06241}.Release|Any CPU.ActiveCfg = Release|iPhoneSimulator
		{DE4BCE5F-4D87-477F-BDD8-A3E605C06241}.Release|Any CPU.Build.0 = Release|iPhoneSimulator
		{DE4BCE5F-4D87-477F-BDD8-A3E605C06241}.Release|Any CPU.Deploy.0 = Release|iPhoneSimulator
		{DE4BCE5F-4D87-477F-BDD8-A3E605C06241}.Release|iPhone.ActiveCfg = Release|iPhone
		{DE4BCE5F-4D87-477F-BDD8-A3E605C06241}.Release|iPhone.Build.0 = Release|iPhone
		{DE4BCE5F-4D87-477F-BDD8-A3E605C06241}.Release|iPhone.Deploy.0 = Release|iPhone
		{DE4BCE5F-4D87-477F-BDD8-A3E605C06241}.Release|iPhoneSimulator.ActiveCfg = Release|iPhoneSimulator
		{DE4BCE5F-4D87-477F-BDD8-A3E605C06241}.Release|iPhoneSimulator.Build.0 = Release|iPhoneSimulator
		{DE4BCE5F-4D87-477F-BDD8-A3E605C06241}.Release|iPhoneSimulator.Deploy.0 = Release|iPhoneSimulator
		{EC9EF272-B4B9-4166-90BA-5E22345BF2F9}.Debug|Any CPU.ActiveCfg = Debug|Any CPU
		{EC9EF272-B4B9-4166-90BA-5E22345BF2F9}.Debug|Any CPU.Build.0 = Debug|Any CPU
		{EC9EF272-B4B9-4166-90BA-5E22345BF2F9}.Debug|Any CPU.Deploy.0 = Debug|Any CPU
		{EC9EF272-B4B9-4166-90BA-5E22345BF2F9}.Debug|iPhone.ActiveCfg = Debug|Any CPU
		{EC9EF272-B4B9-4166-90BA-5E22345BF2F9}.Debug|iPhone.Build.0 = Debug|Any CPU
		{EC9EF272-B4B9-4166-90BA-5E22345BF2F9}.Debug|iPhone.Deploy.0 = Debug|Any CPU
		{EC9EF272-B4B9-4166-90BA-5E22345BF2F9}.Debug|iPhoneSimulator.ActiveCfg = Debug|Any CPU
		{EC9EF272-B4B9-4166-90BA-5E22345BF2F9}.Debug|iPhoneSimulator.Build.0 = Debug|Any CPU
		{EC9EF272-B4B9-4166-90BA-5E22345BF2F9}.Debug|iPhoneSimulator.Deploy.0 = Debug|Any CPU
		{EC9EF272-B4B9-4166-90BA-5E22345BF2F9}.Release|Any CPU.ActiveCfg = Release|Any CPU
		{EC9EF272-B4B9-4166-90BA-5E22345BF2F9}.Release|Any CPU.Build.0 = Release|Any CPU
		{EC9EF272-B4B9-4166-90BA-5E22345BF2F9}.Release|Any CPU.Deploy.0 = Release|Any CPU
		{EC9EF272-B4B9-4166-90BA-5E22345BF2F9}.Release|iPhone.ActiveCfg = Release|Any CPU
		{EC9EF272-B4B9-4166-90BA-5E22345BF2F9}.Release|iPhone.Build.0 = Release|Any CPU
		{EC9EF272-B4B9-4166-90BA-5E22345BF2F9}.Release|iPhone.Deploy.0 = Release|Any CPU
		{EC9EF272-B4B9-4166-90BA-5E22345BF2F9}.Release|iPhoneSimulator.ActiveCfg = Release|Any CPU
		{EC9EF272-B4B9-4166-90BA-5E22345BF2F9}.Release|iPhoneSimulator.Build.0 = Release|Any CPU
		{EC9EF272-B4B9-4166-90BA-5E22345BF2F9}.Release|iPhoneSimulator.Deploy.0 = Release|Any CPU
	EndGlobalSection
	GlobalSection(SolutionProperties) = preSolution
		HideSolutionNode = FALSE
	EndGlobalSection
	GlobalSection(ExtensibilityGlobals) = postSolution
		SolutionGuid = {B5523B12-C368-4ECA-B1D3-216A12E67A96}
	EndGlobalSection
EndGlobal
